
Microsoft Visual Studio Solution File, Format Version 12.00
# Visual Studio Version 17
VisualStudioVersion = 17.9.34622.214
MinimumVisualStudioVersion = 10.0.40219.1
Project("{FAE04EC0-301F-11D3-BF4B-00C04F79EFBC}") = "Csabababa", "Csabababa\Csabababa.csproj", "{B697B7CA-38C4-4742-A33B-B4B1959FC3EA}"
EndProject
Global
	GlobalSection(SolutionConfigurationPlatforms) = preSolution
		Debug|Any CPU = Debug|Any CPU
		Release|Any CPU = Release|Any CPU
	EndGlobalSection
	GlobalSection(ProjectConfigurationPlatforms) = postSolution
		{B697B7CA-38C4-4742-A33B-B4B1959FC3EA}.Debug|Any CPU.ActiveCfg = Debug|Any CPU
		{B697B7CA-38C4-4742-A33B-B4B1959FC3EA}.Debug|Any CPU.Build.0 = Debug|Any CPU
		{B697B7CA-38C4-4742-A33B-B4B1959FC3EA}.Release|Any CPU.ActiveCfg = Release|Any CPU
		{B697B7CA-38C4-4742-A33B-B4B1959FC3EA}.Release|Any CPU.Build.0 = Release|Any CPU
	EndGlobalSection
	GlobalSection(SolutionProperties) = preSolution
		HideSolutionNode = FALSE
	EndGlobalSection
	GlobalSection(ExtensibilityGlobals) = postSolution
		SolutionGuid = {D1B1FE5B-ABD3-4943-90C1-2EDDFEF686A3}
	EndGlobalSection
EndGlobal
